// !$*UTF8*$!
{
	archiveVersion = 1;
	classes = {
	};
	objectVersion = 50;
	objects = {

/* Begin PBXBuildFile section */
		EFEEF43D24654CFB0059EB86 /* AppDelegate.swift in Sources */ = {isa = PBXBuildFile; fileRef = EFEEF43C24654CFB0059EB86 /* AppDelegate.swift */; };
		EFEEF43F24654CFB0059EB86 /* SceneDelegate.swift in Sources */ = {isa = PBXBuildFile; fileRef = EFEEF43E24654CFB0059EB86 /* SceneDelegate.swift */; };
		EFEEF44124654CFB0059EB86 /* ViewController.swift in Sources */ = {isa = PBXBuildFile; fileRef = EFEEF44024654CFB0059EB86 /* ViewController.swift */; };
		EFEEF44424654CFB0059EB86 /* Main.storyboard in Resources */ = {isa = PBXBuildFile; fileRef = EFEEF44224654CFB0059EB86 /* Main.storyboard */; };
		EFEEF44624654CFE0059EB86 /* Assets.xcassets in Resources */ = {isa = PBXBuildFile; fileRef = EFEEF44524654CFE0059EB86 /* Assets.xcassets */; };
		EFEEF44924654CFE0059EB86 /* LaunchScreen.storyboard in Resources */ = {isa = PBXBuildFile; fileRef = EFEEF44724654CFE0059EB86 /* LaunchScreen.storyboard */; };
		EFEEF45424654CFE0059EB86 /* PhotoMasterTests.swift in Sources */ = {isa = PBXBuildFile; fileRef = EFEEF45324654CFE0059EB86 /* PhotoMasterTests.swift */; };
		EFEEF45F24654CFE0059EB86 /* PhotoMasterUITests.swift in Sources */ = {isa = PBXBuildFile; fileRef = EFEEF45E24654CFE0059EB86 /* PhotoMasterUITests.swift */; };
/* End PBXBuildFile section */

/* Begin PBXContainerItemProxy section */
		EFEEF45024654CFE0059EB86 /* PBXContainerItemProxy */ = {
			isa = PBXContainerItemProxy;
			containerPortal = EFEEF43124654CFB0059EB86 /* Project object */;
			proxyType = 1;
			remoteGlobalIDString = EFEEF43824654CFB0059EB86;
			remoteInfo = PhotoMaster;
		};
		EFEEF45B24654CFE0059EB86 /* PBXContainerItemProxy */ = {
			isa = PBXContainerItemProxy;
			containerPortal = EFEEF43124654CFB0059EB86 /* Project object */;
			proxyType = 1;
			remoteGlobalIDString = EFEEF43824654CFB0059EB86;
			remoteInfo = PhotoMaster;
		};
/* End PBXContainerItemProxy section */

/* Begin PBXFileReference section */
		EFEEF43924654CFB0059EB86 /* PhotoMaster.app */ = {isa = PBXFileReference; explicitFileType = wrapper.application; includeInIndex = 0; path = PhotoMaster.app; sourceTree = BUILT_PRODUCTS_DIR; };
		EFEEF43C24654CFB0059EB86 /* AppDelegate.swift */ = {isa = PBXFileReference; lastKnownFileType = sourcecode.swift; path = AppDelegate.swift; sourceTree = "<group>"; };
		EFEEF43E24654CFB0059EB86 /* SceneDelegate.swift */ = {isa = PBXFileReference; lastKnownFileType = sourcecode.swift; path = SceneDelegate.swift; sourceTree = "<group>"; };
		EFEEF44024654CFB0059EB86 /* ViewController.swift */ = {isa = PBXFileReference; lastKnownFileType = sourcecode.swift; path = ViewController.swift; sourceTree = "<group>"; };
		EFEEF44324654CFB0059EB86 /* Base */ = {isa = PBXFileReference; lastKnownFileType = file.storyboard; name = Base; path = Base.lproj/Main.storyboard; sourceTree = "<group>"; };
		EFEEF44524654CFE0059EB86 /* Assets.xcassets */ = {isa = PBXFileReference; lastKnownFileType = folder.assetcatalog; path = Assets.xcassets; sourceTree = "<group>"; };
		EFEEF44824654CFE0059EB86 /* Base */ = {isa = PBXFileReference; lastKnownFileType = file.storyboard; name = Base; path = Base.lproj/LaunchScreen.storyboard; sourceTree = "<group>"; };
		EFEEF44A24654CFE0059EB86 /* Info.plist */ = {isa = PBXFileReference; lastKnownFileType = text.plist.xml; path = Info.plist; sourceTree = "<group>"; };
		EFEEF44F24654CFE0059EB86 /* PhotoMasterTests.xctest */ = {isa = PBXFileReference; explicitFileType = wrapper.cfbundle; includeInIndex = 0; path = PhotoMasterTests.xctest; sourceTree = BUILT_PRODUCTS_DIR; };
		EFEEF45324654CFE0059EB86 /* PhotoMasterTests.swift */ = {isa = PBXFileReference; lastKnownFileType = sourcecode.swift; path = PhotoMasterTests.swift; sourceTree = "<group>"; };
		EFEEF45524654CFE0059EB86 /* Info.plist */ = {isa = PBXFileReference; lastKnownFileType = text.plist.xml; path = Info.plist; sourceTree = "<group>"; };
		EFEEF45A24654CFE0059EB86 /* PhotoMasterUITests.xctest */ = {isa = PBXFileReference; explicitFileType = wrapper.cfbundle; includeInIndex = 0; path = PhotoMasterUITests.xctest; sourceTree = BUILT_PRODUCTS_DIR; };
		EFEEF45E24654CFE0059EB86 /* PhotoMasterUITests.swift */ = {isa = PBXFileReference; lastKnownFileType = sourcecode.swift; path = PhotoMasterUITests.swift; sourceTree = "<group>"; };
		EFEEF46024654CFE0059EB86 /* Info.plist */ = {isa = PBXFileReference; lastKnownFileType = text.plist.xml; path = Info.plist; sourceTree = "<group>"; };
/* End PBXFileReference section */

/* Begin PBXFrameworksBuildPhase section */
		EFEEF43624654CFB0059EB86 /* Frameworks */ = {
			isa = PBXFrameworksBuildPhase;
			buildActionMask = 2147483647;
			files = (
			);
			runOnlyForDeploymentPostprocessing = 0;
		};
		EFEEF44C24654CFE0059EB86 /* Frameworks */ = {
			isa = PBXFrameworksBuildPhase;
			buildActionMask = 2147483647;
			files = (
			);
			runOnlyForDeploymentPostprocessing = 0;
		};
		EFEEF45724654CFE0059EB86 /* Frameworks */ = {
			isa = PBXFrameworksBuildPhase;
			buildActionMask = 2147483647;
			files = (
			);
			runOnlyForDeploymentPostprocessing = 0;
		};
/* End PBXFrameworksBuildPhase section */

/* Begin PBXGroup section */
		EFEEF43024654CFB0059EB86 = {
			isa = PBXGroup;
			children = (
				EFEEF43B24654CFB0059EB86 /* PhotoMaster */,
				EFEEF45224654CFE0059EB86 /* PhotoMasterTests */,
				EFEEF45D24654CFE0059EB86 /* PhotoMasterUITests */,
				EFEEF43A24654CFB0059EB86 /* Products */,
			);
			sourceTree = "<group>";
		};
		EFEEF43A24654CFB0059EB86 /* Products */ = {
			isa = PBXGroup;
			children = (
				EFEEF43924654CFB0059EB86 /* PhotoMaster.app */,
				EFEEF44F24654CFE0059EB86 /* PhotoMasterTests.xctest */,
				EFEEF45A24654CFE0059EB86 /* PhotoMasterUITests.xctest */,
			);
			name = Products;
			sourceTree = "<group>";
		};
		EFEEF43B24654CFB0059EB86 /* PhotoMaster */ = {
			isa = PBXGroup;
			children = (
				EFEEF43C24654CFB0059EB86 /* AppDelegate.swift */,
				EFEEF43E24654CFB0059EB86 /* SceneDelegate.swift */,
				EFEEF44024654CFB0059EB86 /* ViewController.swift */,
				EFEEF44224654CFB0059EB86 /* Main.storyboard */,
				EFEEF44524654CFE0059EB86 /* Assets.xcassets */,
				EFEEF44724654CFE0059EB86 /* LaunchScreen.storyboard */,
				EFEEF44A24654CFE0059EB86 /* Info.plist */,
			);
			path = PhotoMaster;
			sourceTree = "<group>";
		};
		EFEEF45224654CFE0059EB86 /* PhotoMasterTests */ = {
			isa = PBXGroup;
			children = (
				EFEEF45324654CFE0059EB86 /* PhotoMasterTests.swift */,
				EFEEF45524654CFE0059EB86 /* Info.plist */,
			);
			path = PhotoMasterTests;
			sourceTree = "<group>";
		};
		EFEEF45D24654CFE0059EB86 /* PhotoMasterUITests */ = {
			isa = PBXGroup;
			children = (
				EFEEF45E24654CFE0059EB86 /* PhotoMasterUITests.swift */,
				EFEEF46024654CFE0059EB86 /* Info.plist */,
			);
			path = PhotoMasterUITests;
			sourceTree = "<group>";
		};
/* End PBXGroup section */

/* Begin PBXNativeTarget section */
		EFEEF43824654CFB0059EB86 /* PhotoMaster */ = {
			isa = PBXNativeTarget;
			buildConfigurationList = EFEEF46324654CFE0059EB86 /* Build configuration list for PBXNativeTarget "PhotoMaster" */;
			buildPhases = (
				EFEEF43524654CFB0059EB86 /* Sources */,
				EFEEF43624654CFB0059EB86 /* Frameworks */,
				EFEEF43724654CFB0059EB86 /* Resources */,
			);
			buildRules = (
			);
			dependencies = (
			);
			name = PhotoMaster;
			productName = PhotoMaster;
			productReference = EFEEF43924654CFB0059EB86 /* PhotoMaster.app */;
			productType = "com.apple.product-type.application";
		};
		EFEEF44E24654CFE0059EB86 /* PhotoMasterTests */ = {
			isa = PBXNativeTarget;
			buildConfigurationList = EFEEF46624654CFE0059EB86 /* Build configuration list for PBXNativeTarget "PhotoMasterTests" */;
			buildPhases = (
				EFEEF44B24654CFE0059EB86 /* Sources */,
				EFEEF44C24654CFE0059EB86 /* Frameworks */,
				EFEEF44D24654CFE0059EB86 /* Resources */,
			);
			buildRules = (
			);
			dependencies = (
				EFEEF45124654CFE0059EB86 /* PBXTargetDependency */,
			);
			name = PhotoMasterTests;
			productName = PhotoMasterTests;
			productReference = EFEEF44F24654CFE0059EB86 /* PhotoMasterTests.xctest */;
			productType = "com.apple.product-type.bundle.unit-test";
		};
		EFEEF45924654CFE0059EB86 /* PhotoMasterUITests */ = {
			isa = PBXNativeTarget;
			buildConfigurationList = EFEEF46924654CFE0059EB86 /* Build configuration list for PBXNativeTarget "PhotoMasterUITests" */;
			buildPhases = (
				EFEEF45624654CFE0059EB86 /* Sources */,
				EFEEF45724654CFE0059EB86 /* Frameworks */,
				EFEEF45824654CFE0059EB86 /* Resources */,
			);
			buildRules = (
			);
			dependencies = (
				EFEEF45C24654CFE0059EB86 /* PBXTargetDependency */,
			);
			name = PhotoMasterUITests;
			productName = PhotoMasterUITests;
			productReference = EFEEF45A24654CFE0059EB86 /* PhotoMasterUITests.xctest */;
			productType = "com.apple.product-type.bundle.ui-testing";
		};
/* End PBXNativeTarget section */

/* Begin PBXProject section */
		EFEEF43124654CFB0059EB86 /* Project object */ = {
			isa = PBXProject;
			attributes = {
				LastSwiftUpdateCheck = 1140;
				LastUpgradeCheck = 1140;
				ORGANIZATIONNAME = "Fukui Ayanon";
				TargetAttributes = {
					EFEEF43824654CFB0059EB86 = {
						CreatedOnToolsVersion = 11.4.1;
					};
					EFEEF44E24654CFE0059EB86 = {
						CreatedOnToolsVersion = 11.4.1;
						TestTargetID = EFEEF43824654CFB0059EB86;
					};
					EFEEF45924654CFE0059EB86 = {
						CreatedOnToolsVersion = 11.4.1;
						TestTargetID = EFEEF43824654CFB0059EB86;
					};
				};
			};
			buildConfigurationList = EFEEF43424654CFB0059EB86 /* Build configuration list for PBXProject "PhotoMaster" */;
			compatibilityVersion = "Xcode 9.3";
			developmentRegion = en;
			hasScannedForEncodings = 0;
			knownRegions = (
				en,
				Base,
			);
			mainGroup = EFEEF43024654CFB0059EB86;
			productRefGroup = EFEEF43A24654CFB0059EB86 /* Products */;
			projectDirPath = "";
			projectRoot = "";
			targets = (
				EFEEF43824654CFB0059EB86 /* PhotoMaster */,
				EFEEF44E24654CFE0059EB86 /* PhotoMasterTests */,
				EFEEF45924654CFE0059EB86 /* PhotoMasterUITests */,
			);
		};
/* End PBXProject section */

/* Begin PBXResourcesBuildPhase section */
		EFEEF43724654CFB0059EB86 /* Resources */ = {
			isa = PBXResourcesBuildPhase;
			buildActionMask = 2147483647;
			files = (
				EFEEF44924654CFE0059EB86 /* LaunchScreen.storyboard in Resources */,
				EFEEF44624654CFE0059EB86 /* Assets.xcassets in Resources */,
				EFEEF44424654CFB0059EB86 /* Main.storyboard in Resources */,
			);
			runOnlyForDeploymentPostprocessing = 0;
		};
		EFEEF44D24654CFE0059EB86 /* Resources */ = {
			isa = PBXResourcesBuildPhase;
			buildActionMask = 2147483647;
			files = (
			);
			runOnlyForDeploymentPostprocessing = 0;
		};
		EFEEF45824654CFE0059EB86 /* Resources */ = {
			isa = PBXResourcesBuildPhase;
			buildActionMask = 2147483647;
			files = (
			);
			runOnlyForDeploymentPostprocessing = 0;
		};
/* End PBXResourcesBuildPhase section */

/* Begin PBXSourcesBuildPhase section */
		EFEEF43524654CFB0059EB86 /* Sources */ = {
			isa = PBXSourcesBuildPhase;
			buildActionMask = 2147483647;
			files = (
				EFEEF44124654CFB0059EB86 /* ViewController.swift in Sources */,
				EFEEF43D24654CFB0059EB86 /* AppDelegate.swift in Sources */,
				EFEEF43F24654CFB0059EB86 /* SceneDelegate.swift in Sources */,
			);
			runOnlyForDeploymentPostprocessing = 0;
		};
		EFEEF44B24654CFE0059EB86 /* Sources */ = {
			isa = PBXSourcesBuildPhase;
			buildActionMask = 2147483647;
			files = (
				EFEEF45424654CFE0059EB86 /* PhotoMasterTests.swift in Sources */,
			);
			runOnlyForDeploymentPostprocessing = 0;
		};
		EFEEF45624654CFE0059EB86 /* Sources */ = {
			isa = PBXSourcesBuildPhase;
			buildActionMask = 2147483647;
			files = (
				EFEEF45F24654CFE0059EB86 /* PhotoMasterUITests.swift in Sources */,
			);
			runOnlyForDeploymentPostprocessing = 0;
		};
/* End PBXSourcesBuildPhase section */

/* Begin PBXTargetDependency section */
		EFEEF45124654CFE0059EB86 /* PBXTargetDependency */ = {
			isa = PBXTargetDependency;
			target = EFEEF43824654CFB0059EB86 /* PhotoMaster */;
			targetProxy = EFEEF45024654CFE0059EB86 /* PBXContainerItemProxy */;
		};
		EFEEF45C24654CFE0059EB86 /* PBXTargetDependency */ = {
			isa = PBXTargetDependency;
			target = EFEEF43824654CFB0059EB86 /* PhotoMaster */;
			targetProxy = EFEEF45B24654CFE0059EB86 /* PBXContainerItemProxy */;
		};
/* End PBXTargetDependency section */

/* Begin PBXVariantGroup section */
		EFEEF44224654CFB0059EB86 /* Main.storyboard */ = {
			isa = PBXVariantGroup;
			children = (
				EFEEF44324654CFB0059EB86 /* Base */,
			);
			name = Main.storyboard;
			sourceTree = "<group>";
		};
		EFEEF44724654CFE0059EB86 /* LaunchScreen.storyboard */ = {
			isa = PBXVariantGroup;
			children = (
				EFEEF44824654CFE0059EB86 /* Base */,
			);
			name = LaunchScreen.storyboard;
			sourceTree = "<group>";
		};
/* End PBXVariantGroup section */

/* Begin XCBuildConfiguration section */
		EFEEF46124654CFE0059EB86 /* Debug */ = {
			isa = XCBuildConfiguration;
			buildSettings = {
				ALWAYS_SEARCH_USER_PATHS = NO;
				CLANG_ANALYZER_NONNULL = YES;
				CLANG_ANALYZER_NUMBER_OBJECT_CONVERSION = YES_AGGRESSIVE;
				CLANG_CXX_LANGUAGE_STANDARD = "gnu++14";
				CLANG_CXX_LIBRARY = "libc++";
				CLANG_ENABLE_MODULES = YES;
				CLANG_ENABLE_OBJC_ARC = YES;
				CLANG_ENABLE_OBJC_WEAK = YES;
				CLANG_WARN_BLOCK_CAPTURE_AUTORELEASING = YES;
				CLANG_WARN_BOOL_CONVERSION = YES;
				CLANG_WARN_COMMA = YES;
				CLANG_WARN_CONSTANT_CONVERSION = YES;
				CLANG_WARN_DEPRECATED_OBJC_IMPLEMENTATIONS = YES;
				CLANG_WARN_DIRECT_OBJC_ISA_USAGE = YES_ERROR;
				CLANG_WARN_DOCUMENTATION_COMMENTS = YES;
				CLANG_WARN_EMPTY_BODY = YES;
				CLANG_WARN_ENUM_CONVERSION = YES;
				CLANG_WARN_INFINITE_RECURSION = YES;
				CLANG_WARN_INT_CONVERSION = YES;
				CLANG_WARN_NON_LITERAL_NULL_CONVERSION = YES;
				CLANG_WARN_OBJC_IMPLICIT_RETAIN_SELF = YES;
				CLANG_WARN_OBJC_LITERAL_CONVERSION = YES;
				CLANG_WARN_OBJC_ROOT_CLASS = YES_ERROR;
				CLANG_WARN_RANGE_LOOP_ANALYSIS = YES;
				CLANG_WARN_STRICT_PROTOTYPES = YES;
				CLANG_WARN_SUSPICIOUS_MOVE = YES;
				CLANG_WARN_UNGUARDED_AVAILABILITY = YES_AGGRESSIVE;
				CLANG_WARN_UNREACHABLE_CODE = YES;
				CLANG_WARN__DUPLICATE_METHOD_MATCH = YES;
				COPY_PHASE_STRIP = NO;
				DEBUG_INFORMATION_FORMAT = dwarf;
				ENABLE_STRICT_OBJC_MSGSEND = YES;
				ENABLE_TESTABILITY = YES;
				GCC_C_LANGUAGE_STANDARD = gnu11;
				GCC_DYNAMIC_NO_PIC = NO;
				GCC_NO_COMMON_BLOCKS = YES;
				GCC_OPTIMIZATION_LEVEL = 0;
				GCC_PREPROCESSOR_DEFINITIONS = (
					"DEBUG=1",
					"$(inherited)",
				);
				GCC_WARN_64_TO_32_BIT_CONVERSION = YES;
				GCC_WARN_ABOUT_RETURN_TYPE = YES_ERROR;
				GCC_WARN_UNDECLARED_SELECTOR = YES;
				GCC_WARN_UNINITIALIZED_AUTOS = YES_AGGRESSIVE;
				GCC_WARN_UNUSED_FUNCTION = YES;
				GCC_WARN_UNUSED_VARIABLE = YES;
				IPHONEOS_DEPLOYMENT_TARGET = 13.4;
				MTL_ENABLE_DEBUG_INFO = INCLUDE_SOURCE;
				MTL_FAST_MATH = YES;
				ONLY_ACTIVE_ARCH = YES;
				SDKROOT = iphoneos;
				SWIFT_ACTIVE_COMPILATION_CONDITIONS = DEBUG;
				SWIFT_OPTIMIZATION_LEVEL = "-Onone";
			};
			name = Debug;
		};
		EFEEF46224654CFE0059EB86 /* Release */ = {
			isa = XCBuildConfiguration;
			buildSettings = {
				ALWAYS_SEARCH_USER_PATHS = NO;
				CLANG_ANALYZER_NONNULL = YES;
				CLANG_ANALYZER_NUMBER_OBJECT_CONVERSION = YES_AGGRESSIVE;
				CLANG_CXX_LANGUAGE_STANDARD = "gnu++14";
				CLANG_CXX_LIBRARY = "libc++";
				CLANG_ENABLE_MODULES = YES;
				CLANG_ENABLE_OBJC_ARC = YES;
				CLANG_ENABLE_OBJC_WEAK = YES;
				CLANG_WARN_BLOCK_CAPTURE_AUTORELEASING = YES;
				CLANG_WARN_BOOL_CONVERSION = YES;
				CLANG_WARN_COMMA = YES;
				CLANG_WARN_CONSTANT_CONVERSION = YES;
				CLANG_WARN_DEPRECATED_OBJC_IMPLEMENTATIONS = YES;
				CLANG_WARN_DIRECT_OBJC_ISA_USAGE = YES_ERROR;
				CLANG_WARN_DOCUMENTATION_COMMENTS = YES;
				CLANG_WARN_EMPTY_BODY = YES;
				CLANG_WARN_ENUM_CONVERSION = YES;
				CLANG_WARN_INFINITE_RECURSION = YES;
				CLANG_WARN_INT_CONVERSION = YES;
				CLANG_WARN_NON_LITERAL_NULL_CONVERSION = YES;
				CLANG_WARN_OBJC_IMPLICIT_RETAIN_SELF = YES;
				CLANG_WARN_OBJC_LITERAL_CONVERSION = YES;
				CLANG_WARN_OBJC_ROOT_CLASS = YES_ERROR;
				CLANG_WARN_RANGE_LOOP_ANALYSIS = YES;
				CLANG_WARN_STRICT_PROTOTYPES = YES;
				CLANG_WARN_SUSPICIOUS_MOVE = YES;
				CLANG_WARN_UNGUARDED_AVAILABILITY = YES_AGGRESSIVE;
				CLANG_WARN_UNREACHABLE_CODE = YES;
				CLANG_WARN__DUPLICATE_METHOD_MATCH = YES;
				COPY_PHASE_STRIP = NO;
				DEBUG_INFORMATION_FORMAT = "dwarf-with-dsym";
				ENABLE_NS_ASSERTIONS = NO;
				ENABLE_STRICT_OBJC_MSGSEND = YES;
				GCC_C_LANGUAGE_STANDARD = gnu11;
				GCC_NO_COMMON_BLOCKS = YES;
				GCC_WARN_64_TO_32_BIT_CONVERSION = YES;
				GCC_WARN_ABOUT_RETURN_TYPE = YES_ERROR;
				GCC_WARN_UNDECLARED_SELECTOR = YES;
				GCC_WARN_UNINITIALIZED_AUTOS = YES_AGGRESSIVE;
				GCC_WARN_UNUSED_FUNCTION = YES;
				GCC_WARN_UNUSED_VARIABLE = YES;
				IPHONEOS_DEPLOYMENT_TARGET = 13.4;
				MTL_ENABLE_DEBUG_INFO = NO;
				MTL_FAST_MATH = YES;
				SDKROOT = iphoneos;
				SWIFT_COMPILATION_MODE = wholemodule;
				SWIFT_OPTIMIZATION_LEVEL = "-O";
				VALIDATE_PRODUCT = YES;
			};
			name = Release;
		};
		EFEEF46424654CFE0059EB86 /* Debug */ = {
			isa = XCBuildConfiguration;
			buildSettings = {
				ASSETCATALOG_COMPILER_APPICON_NAME = AppIcon;
				CODE_SIGN_STYLE = Automatic;
				INFOPLIST_FILE = PhotoMaster/Info.plist;
				LD_RUNPATH_SEARCH_PATHS = (
					"$(inherited)",
					"@executable_path/Frameworks",
				);
				PRODUCT_BUNDLE_IDENTIFIER = app.Ayanon.Fukui.PhotoMaster;
				PRODUCT_NAME = "$(TARGET_NAME)";
				SWIFT_VERSION = 5.0;
				TARGETED_DEVICE_FAMILY = "1,2";
			};
			name = Debug;
		};
		EFEEF46524654CFE0059EB86 /* Release */ = {
			isa = XCBuildConfiguration;
			buildSettings = {
				ASSETCATALOG_COMPILER_APPICON_NAME = AppIcon;
				CODE_SIGN_STYLE = Automatic;
				INFOPLIST_FILE = PhotoMaster/Info.plist;
				LD_RUNPATH_SEARCH_PATHS = (
					"$(inherited)",
					"@executable_path/Frameworks",
				);
				PRODUCT_BUNDLE_IDENTIFIER = app.Ayanon.Fukui.PhotoMaster;
				PRODUCT_NAME = "$(TARGET_NAME)";
				SWIFT_VERSION = 5.0;
				TARGETED_DEVICE_FAMILY = "1,2";
			};
			name = Release;
		};
		EFEEF46724654CFE0059EB86 /* Debug */ = {
			isa = XCBuildConfiguration;
			buildSettings = {
				ALWAYS_EMBED_SWIFT_STANDARD_LIBRARIES = YES;
				BUNDLE_LOADER = "$(TEST_HOST)";
				CODE_SIGN_STYLE = Automatic;
				INFOPLIST_FILE = PhotoMasterTests/Info.plist;
				IPHONEOS_DEPLOYMENT_TARGET = 13.4;
				LD_RUNPATH_SEARCH_PATHS = (
					"$(inherited)",
					"@executable_path/Frameworks",
					"@loader_path/Frameworks",
				);
				PRODUCT_BUNDLE_IDENTIFIER = app.Ayanon.Fukui.PhotoMasterTests;
				PRODUCT_NAME = "$(TARGET_NAME)";
				SWIFT_VERSION = 5.0;
				TARGETED_DEVICE_FAMILY = "1,2";
				TEST_HOST = "$(BUILT_PRODUCTS_DIR)/PhotoMaster.app/PhotoMaster";
			};
			name = Debug;
		};
		EFEEF46824654CFE0059EB86 /* Release */ = {
			isa = XCBuildConfiguration;
			buildSettings = {
				ALWAYS_EMBED_SWIFT_STANDARD_LIBRARIES = YES;
				BUNDLE_LOADER = "$(TEST_HOST)";
				CODE_SIGN_STYLE = Automatic;
				INFOPLIST_FILE = PhotoMasterTests/Info.plist;
				IPHONEOS_DEPLOYMENT_TARGET = 13.4;
				LD_RUNPATH_SEARCH_PATHS = (
					"$(inherited)",
					"@executable_path/Frameworks",
					"@loader_path/Frameworks",
				);
				PRODUCT_BUNDLE_IDENTIFIER = app.Ayanon.Fukui.PhotoMasterTests;
				PRODUCT_NAME = "$(TARGET_NAME)";
				SWIFT_VERSION = 5.0;
				TARGETED_DEVICE_FAMILY = "1,2";
				TEST_HOST = "$(BUILT_PRODUCTS_DIR)/PhotoMaster.app/PhotoMaster";
			};
			name = Release;
		};
		EFEEF46A24654CFE0059EB86 /* Debug */ = {
			isa = XCBuildConfiguration;
			buildSettings = {
				ALWAYS_EMBED_SWIFT_STANDARD_LIBRARIES = YES;
				CODE_SIGN_STYLE = Automatic;
				INFOPLIST_FILE = PhotoMasterUITests/Info.plist;
				LD_RUNPATH_SEARCH_PATHS = (
					"$(inherited)",
					"@executable_path/Frameworks",
					"@loader_path/Frameworks",
				);
				PRODUCT_BUNDLE_IDENTIFIER = app.Ayanon.Fukui.PhotoMasterUITests;
				PRODUCT_NAME = "$(TARGET_NAME)";
				SWIFT_VERSION = 5.0;
				TARGETED_DEVICE_FAMILY = "1,2";
				TEST_TARGET_NAME = PhotoMaster;
			};
			name = Debug;
		};
		EFEEF46B24654CFE0059EB86 /* Release */ = {
			isa = XCBuildConfiguration;
			buildSettings = {
				ALWAYS_EMBED_SWIFT_STANDARD_LIBRARIES = YES;
				CODE_SIGN_STYLE = Automatic;
				INFOPLIST_FILE = PhotoMasterUITests/Info.plist;
				LD_RUNPATH_SEARCH_PATHS = (
					"$(inherited)",
					"@executable_path/Frameworks",
					"@loader_path/Frameworks",
				);
				PRODUCT_BUNDLE_IDENTIFIER = app.Ayanon.Fukui.PhotoMasterUITests;
				PRODUCT_NAME = "$(TARGET_NAME)";
				SWIFT_VERSION = 5.0;
				TARGETED_DEVICE_FAMILY = "1,2";
				TEST_TARGET_NAME = PhotoMaster;
			};
			name = Release;
		};
/* End XCBuildConfiguration section */

/* Begin XCConfigurationList section */
		EFEEF43424654CFB0059EB86 /* Build configuration list for PBXProject "PhotoMaster" */ = {
			isa = XCConfigurationList;
			buildConfigurations = (
				EFEEF46124654CFE0059EB86 /* Debug */,
				EFEEF46224654CFE0059EB86 /* Release */,
			);
			defaultConfigurationIsVisible = 0;
			defaultConfigurationName = Release;
		};
		EFEEF46324654CFE0059EB86 /* Build configuration list for PBXNativeTarget "PhotoMaster" */ = {
			isa = XCConfigurationList;
			buildConfigurations = (
				EFEEF46424654CFE0059EB86 /* Debug */,
				EFEEF46524654CFE0059EB86 /* Release */,
			);
			defaultConfigurationIsVisible = 0;
			defaultConfigurationName = Release;
		};
		EFEEF46624654CFE0059EB86 /* Build configuration list for PBXNativeTarget "PhotoMasterTests" */ = {
			isa = XCConfigurationList;
			buildConfigurations = (
				EFEEF46724654CFE0059EB86 /* Debug */,
				EFEEF46824654CFE0059EB86 /* Release */,
			);
			defaultConfigurationIsVisible = 0;
			defaultConfigurationName = Release;
		};
		EFEEF46924654CFE0059EB86 /* Build configuration list for PBXNativeTarget "PhotoMasterUITests" */ = {
			isa = XCConfigurationList;
			buildConfigurations = (
				EFEEF46A24654CFE0059EB86 /* Debug */,
				EFEEF46B24654CFE0059EB86 /* Release */,
			);
			defaultConfigurationIsVisible = 0;
			defaultConfigurationName = Release;
		};
/* End XCConfigurationList section */
	};
	rootObject = EFEEF43124654CFB0059EB86 /* Project object */;
}
